
Microsoft Visual Studio Solution File, Format Version 12.00
# Visual Studio 2013
VisualStudioVersion = 12.0.30501.0
MinimumVisualStudioVersion = 10.0.40219.1
Project("{FAE04EC0-301F-11D3-BF4B-00C04F79EFBC}") = "WPFImageViewer", "WPFImageViewer\WPFImageViewer.csproj", "{41C9C1E9-5AF9-4640-9222-25858C5C8DAB}"
EndProject
Project("{FAE04EC0-301F-11D3-BF4B-00C04F79EFBC}") = "WPFIPCameraMJPEGViewer", "WPFIPCameraMJPEGViewer\WPFIPCameraMJPEGViewer.csproj", "{3361ADA6-BED5-4D16-B7F7-0D2620352503}"
EndProject
Project("{FAE04EC0-301F-11D3-BF4B-00C04F79EFBC}") = "WPFRecording", "WPFRecording\WPFRecording.csproj", "{6CD7C17C-9125-4F70-A7EF-BE6824F58FB2}"
EndProject
Project("{FAE04EC0-301F-11D3-BF4B-00C04F79EFBC}") = "WPFScreenStreaming", "WPFScreenStreaming\WPFScreenStreaming.csproj", "{A12560C9-6A0C-47C5-9F2F-C43D22C50CCF}"
EndProject
Project("{FAE04EC0-301F-11D3-BF4B-00C04F79EFBC}") = "WPFSourceInfoViewer", "WPFSourceInfoViewer\WPFSourceInfoViewer.csproj", "{75B3BC5B-7748-459C-9656-4890A94AF687}"
EndProject
Project("{FAE04EC0-301F-11D3-BF4B-00C04F79EFBC}") = "WPFWebCamSerialShots", "WPFWebCamSerialShots\WPFWebCamSerialShots.csproj", "{96938AED-83F2-43D2-BD74-B67CB382FB0E}"
EndProject
Project("{FAE04EC0-301F-11D3-BF4B-00C04F79EFBC}") = "WPFWebCamShot", "WPFWebCamShot\WPFWebCamShot.csproj", "{B1891BC5-2498-429C-89DF-E3AB898570C0}"
EndProject
Project("{FAE04EC0-301F-11D3-BF4B-00C04F79EFBC}") = "WPFWebViewerCall", "WPFWebViewerCall\WPFWebViewerCall.csproj", "{7B82951B-5E90-4844-82D9-8346437594A3}"
EndProject
Project("{FAE04EC0-301F-11D3-BF4B-00C04F79EFBC}") = "WPFWebViewerCallback", "WPFWebViewerCallback\WPFWebViewerCallback.csproj", "{75DE20F3-0369-4EFC-AD6E-98E93C6500C9}"
EndProject
Project("{FAE04EC0-301F-11D3-BF4B-00C04F79EFBC}") = "WPFWebViewerEVR", "WPFWebViewerEVR\WPFWebViewerEVR.csproj", "{B25220E5-9C6A-4A08-9CB6-C02DB4397E9B}"
EndProject
Project("{FAE04EC0-301F-11D3-BF4B-00C04F79EFBC}") = "WindowsFormsDemo", "WindowsFormsDemo\WindowsFormsDemo.csproj", "{35C8FC27-2016-46BB-9F4E-06A3ADD1EA24}"
EndProject
Project("{FAE04EC0-301F-11D3-BF4B-00C04F79EFBC}") = "WPFViewerEVRDisplay", "WPFViewerEVRDisplay\WPFViewerEVRDisplay.csproj", "{4B59BFFA-7497-4E78-B82E-6209ED28A1A4}"
EndProject
Project("{FAE04EC0-301F-11D3-BF4B-00C04F79EFBC}") = "WPFIPCameraMJPEGMultiSourceViewer", "WPFIPCameraMJPEGMultiSourceViewer\WPFIPCameraMJPEGMultiSourceViewer.csproj", "{93DC3BC5-B09B-4B07-9F98-E28E556D21B1}"
EndProject
Project("{FAE04EC0-301F-11D3-BF4B-00C04F79EFBC}") = "WPFMultiSourceViewer", "WPFMultiSourceViewer\WPFMultiSourceViewer.csproj", "{7C507D0D-4548-46E0-9289-817F504B83F7}"
EndProject
Project("{FAE04EC0-301F-11D3-BF4B-00C04F79EFBC}") = "WPFMediaFoundationPlayer", "WPFMediaFoundationPlayer\WPFMediaFoundationPlayer.csproj", "{891256B3-7730-457D-8DC8-90A9A58663A7}"
EndProject
Project("{FAE04EC0-301F-11D3-BF4B-00C04F79EFBC}") = "WPFVideoAndAudioRecorder", "WPFVideoAndAudioRecorder\WPFVideoAndAudioRecorder.csproj", "{D0A7214E-0EB6-4531-9AF6-B3A3EF0A54FD}"
EndProject
Project("{FAE04EC0-301F-11D3-BF4B-00C04F79EFBC}") = "WPFMultiSourceRecorder", "WPFMultiSourceRecorder\WPFMultiSourceRecorder.csproj", "{DF8050E4-D7EB-4CBF-803C-252A109E05C0}"
EndProject
Global
	GlobalSection(SolutionConfigurationPlatforms) = preSolution
		Debug|Any CPU = Debug|Any CPU
		Debug|x64 = Debug|x64
		Debug|x86 = Debug|x86
		Release|Any CPU = Release|Any CPU
		Release|x64 = Release|x64
		Release|x86 = Release|x86
	EndGlobalSection
	GlobalSection(ProjectConfigurationPlatforms) = postSolution
		{41C9C1E9-5AF9-4640-9222-25858C5C8DAB}.Debug|Any CPU.ActiveCfg = Debug|Any CPU
		{41C9C1E9-5AF9-4640-9222-25858C5C8DAB}.Debug|Any CPU.Build.0 = Debug|Any CPU
		{41C9C1E9-5AF9-4640-9222-25858C5C8DAB}.Debug|x64.ActiveCfg = Debug|Any CPU
		{41C9C1E9-5AF9-4640-9222-25858C5C8DAB}.Debug|x86.ActiveCfg = Debug|Any CPU
		{41C9C1E9-5AF9-4640-9222-25858C5C8DAB}.Release|Any CPU.ActiveCfg = Release|Any CPU
		{41C9C1E9-5AF9-4640-9222-25858C5C8DAB}.Release|Any CPU.Build.0 = Release|Any CPU
		{41C9C1E9-5AF9-4640-9222-25858C5C8DAB}.Release|x64.ActiveCfg = Release|Any CPU
		{41C9C1E9-5AF9-4640-9222-25858C5C8DAB}.Release|x86.ActiveCfg = Release|Any CPU
		{3361ADA6-BED5-4D16-B7F7-0D2620352503}.Debug|Any CPU.ActiveCfg = Debug|Any CPU
		{3361ADA6-BED5-4D16-B7F7-0D2620352503}.Debug|Any CPU.Build.0 = Debug|Any CPU
		{3361ADA6-BED5-4D16-B7F7-0D2620352503}.Debug|x64.ActiveCfg = Debug|Any CPU
		{3361ADA6-BED5-4D16-B7F7-0D2620352503}.Debug|x86.ActiveCfg = Debug|Any CPU
		{3361ADA6-BED5-4D16-B7F7-0D2620352503}.Release|Any CPU.ActiveCfg = Release|Any CPU
		{3361ADA6-BED5-4D16-B7F7-0D2620352503}.Release|Any CPU.Build.0 = Release|Any CPU
		{3361ADA6-BED5-4D16-B7F7-0D2620352503}.Release|x64.ActiveCfg = Release|Any CPU
		{3361ADA6-BED5-4D16-B7F7-0D2620352503}.Release|x86.ActiveCfg = Release|Any CPU
		{6CD7C17C-9125-4F70-A7EF-BE6824F58FB2}.Debug|Any CPU.ActiveCfg = Debug|Any CPU
		{6CD7C17C-9125-4F70-A7EF-BE6824F58FB2}.Debug|Any CPU.Build.0 = Debug|Any CPU
		{6CD7C17C-9125-4F70-A7EF-BE6824F58FB2}.Debug|x64.ActiveCfg = Debug|x64
		{6CD7C17C-9125-4F70-A7EF-BE6824F58FB2}.Debug|x64.Build.0 = Debug|x64
		{6CD7C17C-9125-4F70-A7EF-BE6824F58FB2}.Debug|x86.ActiveCfg = Debug|x86
		{6CD7C17C-9125-4F70-A7EF-BE6824F58FB2}.Debug|x86.Build.0 = Debug|x86
		{6CD7C17C-9125-4F70-A7EF-BE6824F58FB2}.Release|Any CPU.ActiveCfg = Release|Any CPU
		{6CD7C17C-9125-4F70-A7EF-BE6824F58FB2}.Release|Any CPU.Build.0 = Release|Any CPU
		{6CD7C17C-9125-4F70-A7EF-BE6824F58FB2}.Release|x64.ActiveCfg = Release|x64
		{6CD7C17C-9125-4F70-A7EF-BE6824F58FB2}.Release|x64.Build.0 = Release|x64
		{6CD7C17C-9125-4F70-A7EF-BE6824F58FB2}.Release|x86.ActiveCfg = Release|x86
		{6CD7C17C-9125-4F70-A7EF-BE6824F58FB2}.Release|x86.Build.0 = Release|x86
		{A12560C9-6A0C-47C5-9F2F-C43D22C50CCF}.Debug|Any CPU.ActiveCfg = Debug|Any CPU
		{A12560C9-6A0C-47C5-9F2F-C43D22C50CCF}.Debug|Any CPU.Build.0 = Debug|Any CPU
		{A12560C9-6A0C-47C5-9F2F-C43D22C50CCF}.Debug|x64.ActiveCfg = Debug|x64
		{A12560C9-6A0C-47C5-9F2F-C43D22C50CCF}.Debug|x64.Build.0 = Debug|x64
		{A12560C9-6A0C-47C5-9F2F-C43D22C50CCF}.Debug|x86.ActiveCfg = Debug|Any CPU
		{A12560C9-6A0C-47C5-9F2F-C43D22C50CCF}.Release|Any CPU.ActiveCfg = Release|Any CPU
		{A12560C9-6A0C-47C5-9F2F-C43D22C50CCF}.Release|Any CPU.Build.0 = Release|Any CPU
		{A12560C9-6A0C-47C5-9F2F-C43D22C50CCF}.Release|x64.ActiveCfg = Release|x64
		{A12560C9-6A0C-47C5-9F2F-C43D22C50CCF}.Release|x64.Build.0 = Release|x64
		{A12560C9-6A0C-47C5-9F2F-C43D22C50CCF}.Release|x86.ActiveCfg = Release|Any CPU
		{75B3BC5B-7748-459C-9656-4890A94AF687}.Debug|Any CPU.ActiveCfg = Debug|Any CPU
		{75B3BC5B-7748-459C-9656-4890A94AF687}.Debug|Any CPU.Build.0 = Debug|Any CPU
		{75B3BC5B-7748-459C-9656-4890A94AF687}.Debug|x64.ActiveCfg = Debug|x64
		{75B3BC5B-7748-459C-9656-4890A94AF687}.Debug|x64.Build.0 = Debug|x64
		{75B3BC5B-7748-459C-9656-4890A94AF687}.Debug|x86.ActiveCfg = Debug|x86
		{75B3BC5B-7748-459C-9656-4890A94AF687}.Debug|x86.Build.0 = Debug|x86
		{75B3BC5B-7748-459C-9656-4890A94AF687}.Release|Any CPU.ActiveCfg = Release|Any CPU
		{75B3BC5B-7748-459C-9656-4890A94AF687}.Release|Any CPU.Build.0 = Release|Any CPU
		{75B3BC5B-7748-459C-9656-4890A94AF687}.Release|x64.ActiveCfg = Release|x64
		{75B3BC5B-7748-459C-9656-4890A94AF687}.Release|x64.Build.0 = Release|x64
		{75B3BC5B-7748-459C-9656-4890A94AF687}.Release|x86.ActiveCfg = Release|x86
		{75B3BC5B-7748-459C-9656-4890A94AF687}.Release|x86.Build.0 = Release|x86
		{96938AED-83F2-43D2-BD74-B67CB382FB0E}.Debug|Any CPU.ActiveCfg = Debug|Any CPU
		{96938AED-83F2-43D2-BD74-B67CB382FB0E}.Debug|Any CPU.Build.0 = Debug|Any CPU
		{96938AED-83F2-43D2-BD74-B67CB382FB0E}.Debug|x64.ActiveCfg = Debug|x64
		{96938AED-83F2-43D2-BD74-B67CB382FB0E}.Debug|x64.Build.0 = Debug|x64
		{96938AED-83F2-43D2-BD74-B67CB382FB0E}.Debug|x86.ActiveCfg = Debug|Any CPU
		{96938AED-83F2-43D2-BD74-B67CB382FB0E}.Release|Any CPU.ActiveCfg = Release|Any CPU
		{96938AED-83F2-43D2-BD74-B67CB382FB0E}.Release|Any CPU.Build.0 = Release|Any CPU
		{96938AED-83F2-43D2-BD74-B67CB382FB0E}.Release|x64.ActiveCfg = Release|x64
		{96938AED-83F2-43D2-BD74-B67CB382FB0E}.Release|x64.Build.0 = Release|x64
		{96938AED-83F2-43D2-BD74-B67CB382FB0E}.Release|x86.ActiveCfg = Release|Any CPU
		{B1891BC5-2498-429C-89DF-E3AB898570C0}.Debug|Any CPU.ActiveCfg = Debug|Any CPU
		{B1891BC5-2498-429C-89DF-E3AB898570C0}.Debug|Any CPU.Build.0 = Debug|Any CPU
		{B1891BC5-2498-429C-89DF-E3AB898570C0}.Debug|x64.ActiveCfg = Debug|x64
		{B1891BC5-2498-429C-89DF-E3AB898570C0}.Debug|x64.Build.0 = Debug|x64
		{B1891BC5-2498-429C-89DF-E3AB898570C0}.Debug|x86.ActiveCfg = Debug|Any CPU
		{B1891BC5-2498-429C-89DF-E3AB898570C0}.Release|Any CPU.ActiveCfg = Release|Any CPU
		{B1891BC5-2498-429C-89DF-E3AB898570C0}.Release|Any CPU.Build.0 = Release|Any CPU
		{B1891BC5-2498-429C-89DF-E3AB898570C0}.Release|x64.ActiveCfg = Release|x64
		{B1891BC5-2498-429C-89DF-E3AB898570C0}.Release|x64.Build.0 = Release|x64
		{B1891BC5-2498-429C-89DF-E3AB898570C0}.Release|x86.ActiveCfg = Release|Any CPU
		{7B82951B-5E90-4844-82D9-8346437594A3}.Debug|Any CPU.ActiveCfg = Debug|Any CPU
		{7B82951B-5E90-4844-82D9-8346437594A3}.Debug|Any CPU.Build.0 = Debug|Any CPU
		{7B82951B-5E90-4844-82D9-8346437594A3}.Debug|x64.ActiveCfg = Debug|x64
		{7B82951B-5E90-4844-82D9-8346437594A3}.Debug|x64.Build.0 = Debug|x64
		{7B82951B-5E90-4844-82D9-8346437594A3}.Debug|x86.ActiveCfg = Debug|x86
		{7B82951B-5E90-4844-82D9-8346437594A3}.Debug|x86.Build.0 = Debug|x86
		{7B82951B-5E90-4844-82D9-8346437594A3}.Release|Any CPU.ActiveCfg = Release|Any CPU
		{7B82951B-5E90-4844-82D9-8346437594A3}.Release|Any CPU.Build.0 = Release|Any CPU
		{7B82951B-5E90-4844-82D9-8346437594A3}.Release|x64.ActiveCfg = Release|x64
		{7B82951B-5E90-4844-82D9-8346437594A3}.Release|x64.Build.0 = Release|x64
		{7B82951B-5E90-4844-82D9-8346437594A3}.Release|x86.ActiveCfg = Release|x86
		{7B82951B-5E90-4844-82D9-8346437594A3}.Release|x86.Build.0 = Release|x86
		{75DE20F3-0369-4EFC-AD6E-98E93C6500C9}.Debug|Any CPU.ActiveCfg = Debug|Any CPU
		{75DE20F3-0369-4EFC-AD6E-98E93C6500C9}.Debug|Any CPU.Build.0 = Debug|Any CPU
		{75DE20F3-0369-4EFC-AD6E-98E93C6500C9}.Debug|x64.ActiveCfg = Debug|x64
		{75DE20F3-0369-4EFC-AD6E-98E93C6500C9}.Debug|x64.Build.0 = Debug|x64
		{75DE20F3-0369-4EFC-AD6E-98E93C6500C9}.Debug|x86.ActiveCfg = Debug|x86
		{75DE20F3-0369-4EFC-AD6E-98E93C6500C9}.Debug|x86.Build.0 = Debug|x86
		{75DE20F3-0369-4EFC-AD6E-98E93C6500C9}.Release|Any CPU.ActiveCfg = Release|Any CPU
		{75DE20F3-0369-4EFC-AD6E-98E93C6500C9}.Release|Any CPU.Build.0 = Release|Any CPU
		{75DE20F3-0369-4EFC-AD6E-98E93C6500C9}.Release|x64.ActiveCfg = Release|x64
		{75DE20F3-0369-4EFC-AD6E-98E93C6500C9}.Release|x64.Build.0 = Release|x64
		{75DE20F3-0369-4EFC-AD6E-98E93C6500C9}.Release|x86.ActiveCfg = Release|x86
		{75DE20F3-0369-4EFC-AD6E-98E93C6500C9}.Release|x86.Build.0 = Release|x86
		{B25220E5-9C6A-4A08-9CB6-C02DB4397E9B}.Debug|Any CPU.ActiveCfg = Debug|Any CPU
		{B25220E5-9C6A-4A08-9CB6-C02DB4397E9B}.Debug|Any CPU.Build.0 = Debug|Any CPU
		{B25220E5-9C6A-4A08-9CB6-C02DB4397E9B}.Debug|x64.ActiveCfg = Debug|x64
		{B25220E5-9C6A-4A08-9CB6-C02DB4397E9B}.Debug|x64.Build.0 = Debug|x64
		{B25220E5-9C6A-4A08-9CB6-C02DB4397E9B}.Debug|x86.ActiveCfg = Debug|x86
		{B25220E5-9C6A-4A08-9CB6-C02DB4397E9B}.Debug|x86.Build.0 = Debug|x86
		{B25220E5-9C6A-4A08-9CB6-C02DB4397E9B}.Release|Any CPU.ActiveCfg = Release|Any CPU
		{B25220E5-9C6A-4A08-9CB6-C02DB4397E9B}.Release|Any CPU.Build.0 = Release|Any CPU
		{B25220E5-9C6A-4A08-9CB6-C02DB4397E9B}.Release|x64.ActiveCfg = Release|x64
		{B25220E5-9C6A-4A08-9CB6-C02DB4397E9B}.Release|x64.Build.0 = Release|x64
		{B25220E5-9C6A-4A08-9CB6-C02DB4397E9B}.Release|x86.ActiveCfg = Release|x86
		{B25220E5-9C6A-4A08-9CB6-C02DB4397E9B}.Release|x86.Build.0 = Release|x86
		{35C8FC27-2016-46BB-9F4E-06A3ADD1EA24}.Debug|Any CPU.ActiveCfg = Debug|Any CPU
		{35C8FC27-2016-46BB-9F4E-06A3ADD1EA24}.Debug|Any CPU.Build.0 = Debug|Any CPU
		{35C8FC27-2016-46BB-9F4E-06A3ADD1EA24}.Debug|x64.ActiveCfg = Debug|x64
		{35C8FC27-2016-46BB-9F4E-06A3ADD1EA24}.Debug|x64.Build.0 = Debug|x64
		{35C8FC27-2016-46BB-9F4E-06A3ADD1EA24}.Debug|x86.ActiveCfg = Debug|Any CPU
		{35C8FC27-2016-46BB-9F4E-06A3ADD1EA24}.Release|Any CPU.ActiveCfg = Release|Any CPU
		{35C8FC27-2016-46BB-9F4E-06A3ADD1EA24}.Release|Any CPU.Build.0 = Release|Any CPU
		{35C8FC27-2016-46BB-9F4E-06A3ADD1EA24}.Release|x64.ActiveCfg = Release|x64
		{35C8FC27-2016-46BB-9F4E-06A3ADD1EA24}.Release|x64.Build.0 = Release|x64
		{35C8FC27-2016-46BB-9F4E-06A3ADD1EA24}.Release|x86.ActiveCfg = Release|Any CPU
		{4B59BFFA-7497-4E78-B82E-6209ED28A1A4}.Debug|Any CPU.ActiveCfg = Debug|Any CPU
		{4B59BFFA-7497-4E78-B82E-6209ED28A1A4}.Debug|Any CPU.Build.0 = Debug|Any CPU
		{4B59BFFA-7497-4E78-B82E-6209ED28A1A4}.Debug|x64.ActiveCfg = Debug|Any CPU
		{4B59BFFA-7497-4E78-B82E-6209ED28A1A4}.Debug|x86.ActiveCfg = Debug|Any CPU
		{4B59BFFA-7497-4E78-B82E-6209ED28A1A4}.Release|Any CPU.ActiveCfg = Release|Any CPU
		{4B59BFFA-7497-4E78-B82E-6209ED28A1A4}.Release|Any CPU.Build.0 = Release|Any CPU
		{4B59BFFA-7497-4E78-B82E-6209ED28A1A4}.Release|x64.ActiveCfg = Release|Any CPU
		{4B59BFFA-7497-4E78-B82E-6209ED28A1A4}.Release|x86.ActiveCfg = Release|Any CPU
		{93DC3BC5-B09B-4B07-9F98-E28E556D21B1}.Debug|Any CPU.ActiveCfg = Debug|Any CPU
		{93DC3BC5-B09B-4B07-9F98-E28E556D21B1}.Debug|Any CPU.Build.0 = Debug|Any CPU
		{93DC3BC5-B09B-4B07-9F98-E28E556D21B1}.Debug|x64.ActiveCfg = Debug|Any CPU
		{93DC3BC5-B09B-4B07-9F98-E28E556D21B1}.Debug|x86.ActiveCfg = Debug|Any CPU
		{93DC3BC5-B09B-4B07-9F98-E28E556D21B1}.Release|Any CPU.ActiveCfg = Release|Any CPU
		{93DC3BC5-B09B-4B07-9F98-E28E556D21B1}.Release|Any CPU.Build.0 = Release|Any CPU
		{93DC3BC5-B09B-4B07-9F98-E28E556D21B1}.Release|x64.ActiveCfg = Release|Any CPU
		{93DC3BC5-B09B-4B07-9F98-E28E556D21B1}.Release|x86.ActiveCfg = Release|Any CPU
		{7C507D0D-4548-46E0-9289-817F504B83F7}.Debug|Any CPU.ActiveCfg = Debug|Any CPU
		{7C507D0D-4548-46E0-9289-817F504B83F7}.Debug|Any CPU.Build.0 = Debug|Any CPU
		{7C507D0D-4548-46E0-9289-817F504B83F7}.Debug|x64.ActiveCfg = Debug|Any CPU
		{7C507D0D-4548-46E0-9289-817F504B83F7}.Debug|x86.ActiveCfg = Debug|Any CPU
		{7C507D0D-4548-46E0-9289-817F504B83F7}.Release|Any CPU.ActiveCfg = Release|Any CPU
		{7C507D0D-4548-46E0-9289-817F504B83F7}.Release|Any CPU.Build.0 = Release|Any CPU
		{7C507D0D-4548-46E0-9289-817F504B83F7}.Release|x64.ActiveCfg = Release|Any CPU
		{7C507D0D-4548-46E0-9289-817F504B83F7}.Release|x86.ActiveCfg = Release|Any CPU
		{891256B3-7730-457D-8DC8-90A9A58663A7}.Debug|Any CPU.ActiveCfg = Debug|Any CPU
		{891256B3-7730-457D-8DC8-90A9A58663A7}.Debug|Any CPU.Build.0 = Debug|Any CPU
		{891256B3-7730-457D-8DC8-90A9A58663A7}.Debug|x64.ActiveCfg = Debug|Any CPU
		{891256B3-7730-457D-8DC8-90A9A58663A7}.Debug|x86.ActiveCfg = Debug|Any CPU
		{891256B3-7730-457D-8DC8-90A9A58663A7}.Release|Any CPU.ActiveCfg = Release|Any CPU
		{891256B3-7730-457D-8DC8-90A9A58663A7}.Release|Any CPU.Build.0 = Release|Any CPU
		{891256B3-7730-457D-8DC8-90A9A58663A7}.Release|x64.ActiveCfg = Release|Any CPU
		{891256B3-7730-457D-8DC8-90A9A58663A7}.Release|x86.ActiveCfg = Release|Any CPU
		{D0A7214E-0EB6-4531-9AF6-B3A3EF0A54FD}.Debug|Any CPU.ActiveCfg = Debug|Any CPU
		{D0A7214E-0EB6-4531-9AF6-B3A3EF0A54FD}.Debug|Any CPU.Build.0 = Debug|Any CPU
		{D0A7214E-0EB6-4531-9AF6-B3A3EF0A54FD}.Debug|x64.ActiveCfg = Debug|Any CPU
		{D0A7214E-0EB6-4531-9AF6-B3A3EF0A54FD}.Debug|x86.ActiveCfg = Debug|Any CPU
		{D0A7214E-0EB6-4531-9AF6-B3A3EF0A54FD}.Release|Any CPU.ActiveCfg = Release|Any CPU
		{D0A7214E-0EB6-4531-9AF6-B3A3EF0A54FD}.Release|Any CPU.Build.0 = Release|Any CPU
		{D0A7214E-0EB6-4531-9AF6-B3A3EF0A54FD}.Release|x64.ActiveCfg = Release|Any CPU
		{D0A7214E-0EB6-4531-9AF6-B3A3EF0A54FD}.Release|x86.ActiveCfg = Release|Any CPU
		{DF8050E4-D7EB-4CBF-803C-252A109E05C0}.Debug|Any CPU.ActiveCfg = Debug|Any CPU
		{DF8050E4-D7EB-4CBF-803C-252A109E05C0}.Debug|Any CPU.Build.0 = Debug|Any CPU
		{DF8050E4-D7EB-4CBF-803C-252A109E05C0}.Debug|x64.ActiveCfg = Debug|Any CPU
		{DF8050E4-D7EB-4CBF-803C-252A109E05C0}.Debug|x86.ActiveCfg = Debug|Any CPU
		{DF8050E4-D7EB-4CBF-803C-252A109E05C0}.Release|Any CPU.ActiveCfg = Release|Any CPU
		{DF8050E4-D7EB-4CBF-803C-252A109E05C0}.Release|Any CPU.Build.0 = Release|Any CPU
		{DF8050E4-D7EB-4CBF-803C-252A109E05C0}.Release|x64.ActiveCfg = Release|Any CPU
		{DF8050E4-D7EB-4CBF-803C-252A109E05C0}.Release|x86.ActiveCfg = Release|Any CPU
	EndGlobalSection
	GlobalSection(SolutionProperties) = preSolution
		HideSolutionNode = FALSE
	EndGlobalSection
EndGlobal
